
Microsoft Visual Studio Solution File, Format Version 12.00
# Visual Studio Version 17
VisualStudioVersion = 17.14.36511.14 d17.14
MinimumVisualStudioVersion = 10.0.40219.1
Project("{FAE04EC0-301F-11D3-BF4B-00C04F79EFBC}") = "Bai05", "Bai05\Bai05.csproj", "{1874E3EA-4571-4676-B255-4AA4730C7621}"
EndProject
Global
	GlobalSection(SolutionConfigurationPlatforms) = preSolution
		Debug|Any CPU = Debug|Any CPU
		Release|Any CPU = Release|Any CPU
	EndGlobalSection
	GlobalSection(ProjectConfigurationPlatforms) = postSolution
		{1874E3EA-4571-4676-B255-4AA4730C7621}.Debug|Any CPU.ActiveCfg = Debug|Any CPU
		{1874E3EA-4571-4676-B255-4AA4730C7621}.Debug|Any CPU.Build.0 = Debug|Any CPU
		{1874E3EA-4571-4676-B255-4AA4730C7621}.Release|Any CPU.ActiveCfg = Release|Any CPU
		{1874E3EA-4571-4676-B255-4AA4730C7621}.Release|Any CPU.Build.0 = Release|Any CPU
	EndGlobalSection
	GlobalSection(SolutionProperties) = preSolution
		HideSolutionNode = FALSE
	EndGlobalSection
	GlobalSection(ExtensibilityGlobals) = postSolution
		SolutionGuid = {6E66ACF2-D44B-41AD-BCA3-DA2426DED15E}
	EndGlobalSection
EndGlobal
